
Microsoft Visual Studio Solution File, Format Version 11.00
# Visual Studio 2010
Project("{FAE04EC0-301F-11D3-BF4B-00C04F79EFBC}") = "Assembly-CSharp", "Assembly-CSharp.csproj", "{da41d55a-bd29-0c7b-5890-991ccb980175}"
EndProject
Project("{FAE04EC0-301F-11D3-BF4B-00C04F79EFBC}") = "com.ben-w.erp", "com.ben-w.erp.csproj", "{0e50e97f-92b8-df63-c58f-7a7e24e7cf2b}"
EndProject
Global
	GlobalSection(SolutionConfigurationPlatforms) = preSolution
		Debug|Any CPU = Debug|Any CPU
	EndGlobalSection
	GlobalSection(ProjectConfigurationPlatforms) = postSolution
		{da41d55a-bd29-0c7b-5890-991ccb980175}.Debug|Any CPU.ActiveCfg = Debug|Any CPU
		{da41d55a-bd29-0c7b-5890-991ccb980175}.Debug|Any CPU.Build.0 = Debug|Any CPU
		{0e50e97f-92b8-df63-c58f-7a7e24e7cf2b}.Debug|Any CPU.ActiveCfg = Debug|Any CPU
		{0e50e97f-92b8-df63-c58f-7a7e24e7cf2b}.Debug|Any CPU.Build.0 = Debug|Any CPU
	EndGlobalSection
	GlobalSection(SolutionProperties) = preSolution
		HideSolutionNode = FALSE
	EndGlobalSection
EndGlobal
